
Microsoft Visual Studio Solution File, Format Version 12.00
Project("{2150E333-8FDC-42A3-9474-1A3956D46DE8}") = "Services", "Services", "{6E6E2DE8-8DB0-45F6-B4D7-83CF069713F5}"
EndProject
Project("{2150E333-8FDC-42A3-9474-1A3956D46DE8}") = "FollowerService", "FollowerService", "{CC5DEAC7-5A37-4ADE-9559-305DB9BD53DB}"
EndProject
Project("{2150E333-8FDC-42A3-9474-1A3956D46DE8}") = "ProfileService", "ProfileService", "{7687C0CF-EC9A-4A50-80FE-79AC01A77010}"
EndProject
Project("{FAE04EC0-301F-11D3-BF4B-00C04F79EFBC}") = "FollowerService.API", "Services\FollowerService\API\FollowerService.API.csproj", "{56390D5F-6612-4A42-86A4-57D5B7D4FD3C}"
EndProject
Project("{FAE04EC0-301F-11D3-BF4B-00C04F79EFBC}") = "ProfileService.API", "Services\ProfileService\API\ProfileService.API.csproj", "{B7923DE6-14F5-4955-BFA3-1BA88344BC93}"
EndProject
Project("{FAE04EC0-301F-11D3-BF4B-00C04F79EFBC}") = "FollowerService.Tests", "Services\FollowerService\Tests\FollowerService.Tests.csproj", "{E2BE6AD9-F4D7-4ACD-B13E-BC61C48FD854}"
EndProject
Project("{FAE04EC0-301F-11D3-BF4B-00C04F79EFBC}") = "ProfileService.Tests", "Services\ProfileService\Tests\ProfileService.Tests.csproj", "{BA31123B-AA7E-43C4-9975-A89F24C3F589}"
EndProject
Project("{FAE04EC0-301F-11D3-BF4B-00C04F79EFBC}") = "FollowerService.Domain", "Services\FollowerService\Domain\FollowerService.Domain.csproj", "{BA2228EB-2EFA-4AAB-9FF0-5DED1D6F1D5B}"
EndProject
Project("{FAE04EC0-301F-11D3-BF4B-00C04F79EFBC}") = "ProfileService.Domain", "Services\ProfileService\Domain\ProfileService.Domain.csproj", "{6F1E81CF-D76A-4EC9-B96F-07D2A625E38A}"
EndProject
Project("{FAE04EC0-301F-11D3-BF4B-00C04F79EFBC}") = "FollowerService.Infrastructure", "Services\FollowerService\Infrastructure\FollowerService.Infrastructure.csproj", "{0AE58801-0374-4AB3-A416-F7463F76B170}"
EndProject
Project("{FAE04EC0-301F-11D3-BF4B-00C04F79EFBC}") = "ProfileService.Infrastructure", "Services\ProfileService\Infrastructure\ProfileService.Infrastructure.csproj", "{9E75CFD0-8A1C-464B-A4B2-55702B97ECD8}"
EndProject
Project("{2150E333-8FDC-42A3-9474-1A3956D46DE8}") = "Common", "Common", "{8419B48A-CF36-469A-BD28-2B858B3FA73F}"
EndProject
Project("{FAE04EC0-301F-11D3-BF4B-00C04F79EFBC}") = "Common.Domain", "Services\Common\Domain\Common.Domain.csproj", "{D17D421B-1C52-4C90-889A-25B4CEBCD639}"
EndProject
Project("{FAE04EC0-301F-11D3-BF4B-00C04F79EFBC}") = "Common.Infrastructure", "Services\Common\Infrastructure\Common.Infrastructure.csproj", "{E09D182D-51A8-4582-8677-A32FA58A4C62}"
EndProject
Project("{FAE04EC0-301F-11D3-BF4B-00C04F79EFBC}") = "Common.API", "Services\Common\API\Common.API.csproj", "{28C3B065-0676-475B-91DB-23E96A079320}"
EndProject
Project("{2150E333-8FDC-42A3-9474-1A3956D46DE8}") = "KweetService", "KweetService", "{D11C8C62-55B6-4025-B953-B68DEE736588}"
EndProject
Project("{FAE04EC0-301F-11D3-BF4B-00C04F79EFBC}") = "KweetService.API", "Services\KweetService\KweetService.API\KweetService.API.csproj", "{AE2B4A5C-CACC-4BE2-8C8B-EF2F3EE9960E}"
EndProject
Project("{FAE04EC0-301F-11D3-BF4B-00C04F79EFBC}") = "KweetService.Domain", "Services\KweetService\KweetService.Domain\KweetService.Domain.csproj", "{755EC0F6-90BE-44E1-B71E-351EC5BB22C9}"
EndProject
Project("{FAE04EC0-301F-11D3-BF4B-00C04F79EFBC}") = "KweetService.Infrastructure", "Services\KweetService\KweetService.Infrastructure\KweetService.Infrastructure.csproj", "{B0D615C8-13BA-43D0-9AFE-43C477E36604}"
EndProject
Project("{FAE04EC0-301F-11D3-BF4B-00C04F79EFBC}") = "KweetService.Tests", "Services\KweetService\KweetService.Tests\KweetService.Tests.csproj", "{0589BFCE-E914-4BC3-945C-8329A0E7D8A3}"
EndProject
Global
	GlobalSection(SolutionConfigurationPlatforms) = preSolution
		Debug|Any CPU = Debug|Any CPU
		Release|Any CPU = Release|Any CPU
	EndGlobalSection
	GlobalSection(NestedProjects) = preSolution
		{CC5DEAC7-5A37-4ADE-9559-305DB9BD53DB} = {6E6E2DE8-8DB0-45F6-B4D7-83CF069713F5}
		{7687C0CF-EC9A-4A50-80FE-79AC01A77010} = {6E6E2DE8-8DB0-45F6-B4D7-83CF069713F5}
		{56390D5F-6612-4A42-86A4-57D5B7D4FD3C} = {CC5DEAC7-5A37-4ADE-9559-305DB9BD53DB}
		{B7923DE6-14F5-4955-BFA3-1BA88344BC93} = {7687C0CF-EC9A-4A50-80FE-79AC01A77010}
		{E2BE6AD9-F4D7-4ACD-B13E-BC61C48FD854} = {CC5DEAC7-5A37-4ADE-9559-305DB9BD53DB}
		{BA31123B-AA7E-43C4-9975-A89F24C3F589} = {7687C0CF-EC9A-4A50-80FE-79AC01A77010}
		{BA2228EB-2EFA-4AAB-9FF0-5DED1D6F1D5B} = {CC5DEAC7-5A37-4ADE-9559-305DB9BD53DB}
		{6F1E81CF-D76A-4EC9-B96F-07D2A625E38A} = {7687C0CF-EC9A-4A50-80FE-79AC01A77010}
		{0AE58801-0374-4AB3-A416-F7463F76B170} = {CC5DEAC7-5A37-4ADE-9559-305DB9BD53DB}
		{9E75CFD0-8A1C-464B-A4B2-55702B97ECD8} = {7687C0CF-EC9A-4A50-80FE-79AC01A77010}
		{8419B48A-CF36-469A-BD28-2B858B3FA73F} = {6E6E2DE8-8DB0-45F6-B4D7-83CF069713F5}
		{D17D421B-1C52-4C90-889A-25B4CEBCD639} = {8419B48A-CF36-469A-BD28-2B858B3FA73F}
		{E09D182D-51A8-4582-8677-A32FA58A4C62} = {8419B48A-CF36-469A-BD28-2B858B3FA73F}
		{28C3B065-0676-475B-91DB-23E96A079320} = {8419B48A-CF36-469A-BD28-2B858B3FA73F}
		{D11C8C62-55B6-4025-B953-B68DEE736588} = {6E6E2DE8-8DB0-45F6-B4D7-83CF069713F5}
		{AE2B4A5C-CACC-4BE2-8C8B-EF2F3EE9960E} = {D11C8C62-55B6-4025-B953-B68DEE736588}
		{755EC0F6-90BE-44E1-B71E-351EC5BB22C9} = {D11C8C62-55B6-4025-B953-B68DEE736588}
		{B0D615C8-13BA-43D0-9AFE-43C477E36604} = {D11C8C62-55B6-4025-B953-B68DEE736588}
		{0589BFCE-E914-4BC3-945C-8329A0E7D8A3} = {D11C8C62-55B6-4025-B953-B68DEE736588}
	EndGlobalSection
	GlobalSection(ProjectConfigurationPlatforms) = postSolution
		{56390D5F-6612-4A42-86A4-57D5B7D4FD3C}.Debug|Any CPU.ActiveCfg = Debug|Any CPU
		{56390D5F-6612-4A42-86A4-57D5B7D4FD3C}.Debug|Any CPU.Build.0 = Debug|Any CPU
		{56390D5F-6612-4A42-86A4-57D5B7D4FD3C}.Release|Any CPU.ActiveCfg = Release|Any CPU
		{56390D5F-6612-4A42-86A4-57D5B7D4FD3C}.Release|Any CPU.Build.0 = Release|Any CPU
		{B7923DE6-14F5-4955-BFA3-1BA88344BC93}.Debug|Any CPU.ActiveCfg = Debug|Any CPU
		{B7923DE6-14F5-4955-BFA3-1BA88344BC93}.Debug|Any CPU.Build.0 = Debug|Any CPU
		{B7923DE6-14F5-4955-BFA3-1BA88344BC93}.Release|Any CPU.ActiveCfg = Release|Any CPU
		{B7923DE6-14F5-4955-BFA3-1BA88344BC93}.Release|Any CPU.Build.0 = Release|Any CPU
		{E2BE6AD9-F4D7-4ACD-B13E-BC61C48FD854}.Debug|Any CPU.ActiveCfg = Debug|Any CPU
		{E2BE6AD9-F4D7-4ACD-B13E-BC61C48FD854}.Debug|Any CPU.Build.0 = Debug|Any CPU
		{E2BE6AD9-F4D7-4ACD-B13E-BC61C48FD854}.Release|Any CPU.ActiveCfg = Release|Any CPU
		{E2BE6AD9-F4D7-4ACD-B13E-BC61C48FD854}.Release|Any CPU.Build.0 = Release|Any CPU
		{BA31123B-AA7E-43C4-9975-A89F24C3F589}.Debug|Any CPU.ActiveCfg = Debug|Any CPU
		{BA31123B-AA7E-43C4-9975-A89F24C3F589}.Debug|Any CPU.Build.0 = Debug|Any CPU
		{BA31123B-AA7E-43C4-9975-A89F24C3F589}.Release|Any CPU.ActiveCfg = Release|Any CPU
		{BA31123B-AA7E-43C4-9975-A89F24C3F589}.Release|Any CPU.Build.0 = Release|Any CPU
		{BA2228EB-2EFA-4AAB-9FF0-5DED1D6F1D5B}.Debug|Any CPU.ActiveCfg = Debug|Any CPU
		{BA2228EB-2EFA-4AAB-9FF0-5DED1D6F1D5B}.Debug|Any CPU.Build.0 = Debug|Any CPU
		{BA2228EB-2EFA-4AAB-9FF0-5DED1D6F1D5B}.Release|Any CPU.ActiveCfg = Release|Any CPU
		{BA2228EB-2EFA-4AAB-9FF0-5DED1D6F1D5B}.Release|Any CPU.Build.0 = Release|Any CPU
		{6F1E81CF-D76A-4EC9-B96F-07D2A625E38A}.Debug|Any CPU.ActiveCfg = Debug|Any CPU
		{6F1E81CF-D76A-4EC9-B96F-07D2A625E38A}.Debug|Any CPU.Build.0 = Debug|Any CPU
		{6F1E81CF-D76A-4EC9-B96F-07D2A625E38A}.Release|Any CPU.ActiveCfg = Release|Any CPU
		{6F1E81CF-D76A-4EC9-B96F-07D2A625E38A}.Release|Any CPU.Build.0 = Release|Any CPU
		{0AE58801-0374-4AB3-A416-F7463F76B170}.Debug|Any CPU.ActiveCfg = Debug|Any CPU
		{0AE58801-0374-4AB3-A416-F7463F76B170}.Debug|Any CPU.Build.0 = Debug|Any CPU
		{0AE58801-0374-4AB3-A416-F7463F76B170}.Release|Any CPU.ActiveCfg = Release|Any CPU
		{0AE58801-0374-4AB3-A416-F7463F76B170}.Release|Any CPU.Build.0 = Release|Any CPU
		{9E75CFD0-8A1C-464B-A4B2-55702B97ECD8}.Debug|Any CPU.ActiveCfg = Debug|Any CPU
		{9E75CFD0-8A1C-464B-A4B2-55702B97ECD8}.Debug|Any CPU.Build.0 = Debug|Any CPU
		{9E75CFD0-8A1C-464B-A4B2-55702B97ECD8}.Release|Any CPU.ActiveCfg = Release|Any CPU
		{9E75CFD0-8A1C-464B-A4B2-55702B97ECD8}.Release|Any CPU.Build.0 = Release|Any CPU
		{D17D421B-1C52-4C90-889A-25B4CEBCD639}.Debug|Any CPU.ActiveCfg = Debug|Any CPU
		{D17D421B-1C52-4C90-889A-25B4CEBCD639}.Debug|Any CPU.Build.0 = Debug|Any CPU
		{D17D421B-1C52-4C90-889A-25B4CEBCD639}.Release|Any CPU.ActiveCfg = Release|Any CPU
		{D17D421B-1C52-4C90-889A-25B4CEBCD639}.Release|Any CPU.Build.0 = Release|Any CPU
		{E09D182D-51A8-4582-8677-A32FA58A4C62}.Debug|Any CPU.ActiveCfg = Debug|Any CPU
		{E09D182D-51A8-4582-8677-A32FA58A4C62}.Debug|Any CPU.Build.0 = Debug|Any CPU
		{E09D182D-51A8-4582-8677-A32FA58A4C62}.Release|Any CPU.ActiveCfg = Release|Any CPU
		{E09D182D-51A8-4582-8677-A32FA58A4C62}.Release|Any CPU.Build.0 = Release|Any CPU
		{28C3B065-0676-475B-91DB-23E96A079320}.Debug|Any CPU.ActiveCfg = Debug|Any CPU
		{28C3B065-0676-475B-91DB-23E96A079320}.Debug|Any CPU.Build.0 = Debug|Any CPU
		{28C3B065-0676-475B-91DB-23E96A079320}.Release|Any CPU.ActiveCfg = Release|Any CPU
		{28C3B065-0676-475B-91DB-23E96A079320}.Release|Any CPU.Build.0 = Release|Any CPU
		{AE2B4A5C-CACC-4BE2-8C8B-EF2F3EE9960E}.Debug|Any CPU.ActiveCfg = Debug|Any CPU
		{AE2B4A5C-CACC-4BE2-8C8B-EF2F3EE9960E}.Debug|Any CPU.Build.0 = Debug|Any CPU
		{AE2B4A5C-CACC-4BE2-8C8B-EF2F3EE9960E}.Release|Any CPU.ActiveCfg = Release|Any CPU
		{AE2B4A5C-CACC-4BE2-8C8B-EF2F3EE9960E}.Release|Any CPU.Build.0 = Release|Any CPU
		{755EC0F6-90BE-44E1-B71E-351EC5BB22C9}.Debug|Any CPU.ActiveCfg = Debug|Any CPU
		{755EC0F6-90BE-44E1-B71E-351EC5BB22C9}.Debug|Any CPU.Build.0 = Debug|Any CPU
		{755EC0F6-90BE-44E1-B71E-351EC5BB22C9}.Release|Any CPU.ActiveCfg = Release|Any CPU
		{755EC0F6-90BE-44E1-B71E-351EC5BB22C9}.Release|Any CPU.Build.0 = Release|Any CPU
		{B0D615C8-13BA-43D0-9AFE-43C477E36604}.Debug|Any CPU.ActiveCfg = Debug|Any CPU
		{B0D615C8-13BA-43D0-9AFE-43C477E36604}.Debug|Any CPU.Build.0 = Debug|Any CPU
		{B0D615C8-13BA-43D0-9AFE-43C477E36604}.Release|Any CPU.ActiveCfg = Release|Any CPU
		{B0D615C8-13BA-43D0-9AFE-43C477E36604}.Release|Any CPU.Build.0 = Release|Any CPU
		{0589BFCE-E914-4BC3-945C-8329A0E7D8A3}.Debug|Any CPU.ActiveCfg = Debug|Any CPU
		{0589BFCE-E914-4BC3-945C-8329A0E7D8A3}.Debug|Any CPU.Build.0 = Debug|Any CPU
		{0589BFCE-E914-4BC3-945C-8329A0E7D8A3}.Release|Any CPU.ActiveCfg = Release|Any CPU
		{0589BFCE-E914-4BC3-945C-8329A0E7D8A3}.Release|Any CPU.Build.0 = Release|Any CPU
	EndGlobalSection
EndGlobal
